# This file is automatically @generated by Cargo.
# It is not intended for manual editing.
version = 4

[[package]]
name = "pq-algorithm-id"
version = "0.0.1"

[[package]]
name = "pq-bitcoin-taproot"
version = "0.0.1"

[[package]]
name = "pq-cert-parse"
version = "0.0.1"

[[package]]
name = "pq-cert-verify"
version = "0.0.1"

[[package]]
name = "pq-cms"
version = "0.0.1"

[[package]]
name = "pq-cose"
version = "0.0.1"

[[package]]
name = "pq-csr"
version = "0.0.1"

[[package]]
name = "pq-dkim"
version = "0.0.1"

[[package]]
name = "pq-dtls"
version = "0.0.1"

[[package]]
name = "pq-ecies"
version = "0.0.1"

[[package]]
name = "pq-eth-signer"
version = "0.0.1"

[[package]]
name = "pq-fido2"
version = "0.0.1"

[[package]]
name = "pq-hpke"
version = "0.0.1"

[[package]]
name = "pq-jwe"
version = "0.0.1"

[[package]]
name = "pq-jwk"
version = "0.0.1"

[[package]]
name = "pq-jws"
version = "0.0.1"

[[package]]
name = "pq-jwt-verify"
version = "0.0.1"

[[package]]
name = "pq-kem-combiner"
version = "0.0.1"

[[package]]
name = "pq-kerberos"
version = "0.0.1"

[[package]]
name = "pq-key-encoder"
version = "0.0.1"
dependencies = [
 "pq-oid",
]

[[package]]
name = "pq-key-fingerprint"
version = "0.0.1"

[[package]]
name = "pq-key-strength"
version = "0.0.1"

[[package]]
name = "pq-noise"
version = "0.0.1"

[[package]]
name = "pq-oid"
version = "1.0.2"

[[package]]
name = "pq-pkcs7"
version = "0.0.1"

[[package]]
name = "pq-pkcs8"
version = "0.0.1"

[[package]]
name = "pq-quic-crypto"
version = "0.0.1"

[[package]]
name = "pq-rng"
version = "0.0.1"

[[package]]
name = "pq-side-channel"
version = "0.0.1"

[[package]]
name = "pq-size-calculator"
version = "0.0.1"

[[package]]
name = "pq-solana-signer"
version = "0.0.1"

[[package]]
name = "pq-spki"
version = "0.0.1"

[[package]]
name = "pq-ssh-agent"
version = "0.0.1"

[[package]]
name = "pq-test-vectors"
version = "0.0.1"

[[package]]
name = "pq-tls-client"
version = "0.0.1"

[[package]]
name = "pq-wasm"
version = "0.0.1"

[[package]]
name = "pq-webauthn"
version = "0.0.1"

[[package]]
name = "pq-worker"
version = "0.0.1"

[[package]]
name = "pq-xmldsig"
version = "0.0.1"
