# This file is automatically @generated by Cargo.
# It is not intended for manual editing.
version = 4

[[package]]
name = "pq-algorithm-id"
version = "0.0.1"

[[package]]
name = "pq-bitcoin-taproot"
version = "0.0.1"

[[package]]
name = "pq-cert-parse"
version = "0.0.1"

[[package]]
name = "pq-cert-verify"
version = "0.0.1"

[[package]]
name = "pq-cms"
version = "0.0.1"

[[package]]
name = "pq-cose"
version = "0.0.1"

[[package]]
name = "pq-csr"
version = "0.0.1"

[[package]]
name = "pq-dkim"
version = "0.0.1"

[[package]]
name = "pq-dtls"
version = "0.0.1"

[[package]]
name = "pq-ecies"
version = "0.0.1"

[[package]]
name = "pq-eth-signer"
version = "0.0.1"

[[package]]
name = "pq-fido2"
version = "0.0.1"

[[package]]
name = "pq-hpke"
version = "0.0.1"

[[package]]
name = "pq-jwe"
version = "0.0.1"

[[package]]
name = "pq-jwk"
version = "0.0.1"

[[package]]
name = "pq-jws"
version = "0.0.1"

[[package]]
name = "pq-jwt-verify"
version = "0.0.1"

[[package]]
name = "pq-kem-combiner"
version = "0.0.1"

[[package]]
name = "pq-kerberos"
version = "0.0.1"

[[package]]
name = "pq-key-encoder"
version = "0.0.1"

[[package]]
name = "pq-key-fingerprint"
version = "0.0.1"

[[package]]
name = "pq-key-strength"
version = "0.0.1"

[[package]]
name = "pq-noise"
version = "0.0.1"

[[package]]
name = "pq-oid"
version = "0.0.1"
dependencies = [
 "thiserror",
]

[[package]]
name = "pq-pkcs7"
version = "0.0.1"

[[package]]
name = "pq-pkcs8"
version = "0.0.1"

[[package]]
name = "pq-quic-crypto"
version = "0.0.1"

[[package]]
name = "pq-rng"
version = "0.0.1"

[[package]]
name = "pq-side-channel"
version = "0.0.1"

[[package]]
name = "pq-size-calculator"
version = "0.0.1"

[[package]]
name = "pq-solana-signer"
version = "0.0.1"

[[package]]
name = "pq-spki"
version = "0.0.1"

[[package]]
name = "pq-ssh-agent"
version = "0.0.1"

[[package]]
name = "pq-test-vectors"
version = "0.0.1"

[[package]]
name = "pq-tls-client"
version = "0.0.1"

[[package]]
name = "pq-wasm"
version = "0.0.1"

[[package]]
name = "pq-webauthn"
version = "0.0.1"

[[package]]
name = "pq-worker"
version = "0.0.1"

[[package]]
name = "pq-xmldsig"
version = "0.0.1"

[[package]]
name = "proc-macro2"
version = "1.0.106"
source = "registry+https://github.com/rust-lang/crates.io-index"
checksum = "8fd00f0bb2e90d81d1044c2b32617f68fcb9fa3bb7640c23e9c748e53fb30934"
dependencies = [
 "unicode-ident",
]

[[package]]
name = "quote"
version = "1.0.44"
source = "registry+https://github.com/rust-lang/crates.io-index"
checksum = "21b2ebcf727b7760c461f091f9f0f539b77b8e87f2fd88131e7f1b433b3cece4"
dependencies = [
 "proc-macro2",
]

[[package]]
name = "syn"
version = "2.0.114"
source = "registry+https://github.com/rust-lang/crates.io-index"
checksum = "d4d107df263a3013ef9b1879b0df87d706ff80f65a86ea879bd9c31f9b307c2a"
dependencies = [
 "proc-macro2",
 "quote",
 "unicode-ident",
]

[[package]]
name = "thiserror"
version = "1.0.69"
source = "registry+https://github.com/rust-lang/crates.io-index"
checksum = "b6aaf5339b578ea85b50e080feb250a3e8ae8cfcdff9a461c9ec2904bc923f52"
dependencies = [
 "thiserror-impl",
]

[[package]]
name = "thiserror-impl"
version = "1.0.69"
source = "registry+https://github.com/rust-lang/crates.io-index"
checksum = "4fee6c4efc90059e10f81e6d42c60a18f76588c3d74cb83a0b242a2b6c7504c1"
dependencies = [
 "proc-macro2",
 "quote",
 "syn",
]

[[package]]
name = "unicode-ident"
version = "1.0.22"
source = "registry+https://github.com/rust-lang/crates.io-index"
checksum = "9312f7c4f6ff9069b165498234ce8be658059c6728633667c526e27dc2cf1df5"
